# This file is automatically @generated by Cargo.
# It is not intended for manual editing.
[[package]]
name = "fifo"
version = "0.1.0"

[[package]]
name = "lifo"
version = "0.1.0"

[[package]]
name = "lists"
version = "0.1.0"

[[package]]
name = "tester"
version = "0.1.0"
dependencies = [
 "fifo",
 "lists",
]
